
Microsoft Visual Studio Solution File, Format Version 12.00
# Visual Studio Version 16
VisualStudioVersion = 16.0.29519.87
MinimumVisualStudioVersion = 10.0.40219.1
Project("{9A19103F-16F7-4668-BE54-9A1E7A4F7556}") = "Verbum", "Verbum\Verbum.csproj", "{BC589B85-80C4-41D8-B1D2-166A336451CF}"
EndProject
Project("{FAE04EC0-301F-11D3-BF4B-00C04F79EFBC}") = "VerbumEssentials", "VerbumEssentials\VerbumEssentials.csproj", "{A4249DDC-936B-4595-841B-927B483CC5CB}"
EndProject
Global
	GlobalSection(SolutionConfigurationPlatforms) = preSolution
		Debug|Any CPU = Debug|Any CPU
		Release|Any CPU = Release|Any CPU
	EndGlobalSection
	GlobalSection(ProjectConfigurationPlatforms) = postSolution
		{BC589B85-80C4-41D8-B1D2-166A336451CF}.Debug|Any CPU.ActiveCfg = Debug|Any CPU
		{BC589B85-80C4-41D8-B1D2-166A336451CF}.Debug|Any CPU.Build.0 = Debug|Any CPU
		{BC589B85-80C4-41D8-B1D2-166A336451CF}.Release|Any CPU.ActiveCfg = Release|Any CPU
		{BC589B85-80C4-41D8-B1D2-166A336451CF}.Release|Any CPU.Build.0 = Release|Any CPU
		{A4249DDC-936B-4595-841B-927B483CC5CB}.Debug|Any CPU.ActiveCfg = Debug|Any CPU
		{A4249DDC-936B-4595-841B-927B483CC5CB}.Debug|Any CPU.Build.0 = Debug|Any CPU
		{A4249DDC-936B-4595-841B-927B483CC5CB}.Release|Any CPU.ActiveCfg = Release|Any CPU
		{A4249DDC-936B-4595-841B-927B483CC5CB}.Release|Any CPU.Build.0 = Release|Any CPU
	EndGlobalSection
	GlobalSection(SolutionProperties) = preSolution
		HideSolutionNode = FALSE
	EndGlobalSection
	GlobalSection(ExtensibilityGlobals) = postSolution
		SolutionGuid = {BEEC6008-8270-4274-ABA2-DF2F353E446D}
	EndGlobalSection
EndGlobal
